
Microsoft Visual Studio Solution File, Format Version 12.00
# Visual Studio Version 16
VisualStudioVersion = 16.0.31005.135
MinimumVisualStudioVersion = 10.0.40219.1
Project("{FAE04EC0-301F-11D3-BF4B-00C04F79EFBC}") = "RepositoryCreationImplementingCommands", "RepositoryCreationImplementingCommands\RepositoryCreationImplementingCommands.csproj", "{4A6E7CDC-D5C5-4A20-B4B0-68008234352A}"
EndProject
Global
	GlobalSection(SolutionConfigurationPlatforms) = preSolution
		Debug|Any CPU = Debug|Any CPU
		Release|Any CPU = Release|Any CPU
	EndGlobalSection
	GlobalSection(ProjectConfigurationPlatforms) = postSolution
		{4A6E7CDC-D5C5-4A20-B4B0-68008234352A}.Debug|Any CPU.ActiveCfg = Debug|Any CPU
		{4A6E7CDC-D5C5-4A20-B4B0-68008234352A}.Debug|Any CPU.Build.0 = Debug|Any CPU
		{4A6E7CDC-D5C5-4A20-B4B0-68008234352A}.Release|Any CPU.ActiveCfg = Release|Any CPU
		{4A6E7CDC-D5C5-4A20-B4B0-68008234352A}.Release|Any CPU.Build.0 = Release|Any CPU
	EndGlobalSection
	GlobalSection(SolutionProperties) = preSolution
		HideSolutionNode = FALSE
	EndGlobalSection
	GlobalSection(ExtensibilityGlobals) = postSolution
		SolutionGuid = {EA813D6F-3193-4CAA-8ABD-222C7B64A43B}
	EndGlobalSection
EndGlobal
